PODS:
  - Bean-iOS-OSX-SDK (3.0.2)
  - CorePlot (2.2)

DEPENDENCIES:
  - Bean-iOS-OSX-SDK
  - CorePlot (~> 2.2)

SPEC CHECKSUMS:
  Bean-iOS-OSX-SDK: 0a707992d65b51b4f3ce80f18c6039391a6b154a
  CorePlot: cbe0c6e14220705e32e06a89c7d6a5a908b7d7d8

PODFILE CHECKSUM: 339cb1c882b64730ce543348b39dfabb84438ab2

COCOAPODS: 1.1.1
